
Microsoft Visual Studio Solution File, Format Version 12.00
# Visual Studio Version 16
VisualStudioVersion = 16.0.31129.286
MinimumVisualStudioVersion = 10.0.40219.1
Project("{D954291E-2A0B-460D-934E-DC6B0785DB48}") = "Panel01.Shared", "Panel01\Panel01.Shared\Panel01.Shared.shproj", "{6279C845-92F8-4333-AB99-3D213163593C}"
EndProject
Project("{2150E333-8FDC-42A3-9474-1A3956D46DE8}") = "Platforms", "Platforms", "{CDA62238-760E-4C13-9719-A42118AA10B7}"
EndProject
Project("{FAE04EC0-301F-11D3-BF4B-00C04F79EFBC}") = "Panel01.Droid", "Panel01\Panel01.Droid\Panel01.Droid.csproj", "{76C124DD-C4DE-4FDC-AABD-DD9E1BE83D2D}"
EndProject
Project("{FAE04EC0-301F-11D3-BF4B-00C04F79EFBC}") = "Panel01.iOS", "Panel01\Panel01.iOS\Panel01.iOS.csproj", "{74477BF2-E3D9-4A8D-973A-BB7B29275D4A}"
EndProject
Project("{FAE04EC0-301F-11D3-BF4B-00C04F79EFBC}") = "Panel01.UWP", "Panel01\Panel01.UWP\Panel01.UWP.csproj", "{79A8957D-B8BC-4102-B31A-EB0B2A67CE9D}"
EndProject
Project("{FAE04EC0-301F-11D3-BF4B-00C04F79EFBC}") = "Panel01.Wasm", "Panel01\Panel01.Wasm\Panel01.Wasm.csproj", "{78BE33F3-5EB4-4FC8-89BA-8B232F209A64}"
EndProject
Project("{FAE04EC0-301F-11D3-BF4B-00C04F79EFBC}") = "Panel01.macOS", "Panel01\Panel01.macOS\Panel01.macOS.csproj", "{A7515A9C-94D3-4A64-8E63-3664BB1B7970}"
EndProject
Project("{FAE04EC0-301F-11D3-BF4B-00C04F79EFBC}") = "Panel01.Skia.Wpf.Host", "Panel01\Panel01.Skia.Wpf.Host\Panel01.Skia.Wpf.Host.csproj", "{15CED3F7-5FDB-4809-9BF1-78FDD1F2C904}"
EndProject
Project("{FAE04EC0-301F-11D3-BF4B-00C04F79EFBC}") = "Panel01.Skia.Wpf", "Panel01\Panel01.Skia.Wpf\Panel01.Skia.Wpf.csproj", "{C6D1474F-7729-4E50-B679-308C3182BC8D}"
EndProject
Project("{FAE04EC0-301F-11D3-BF4B-00C04F79EFBC}") = "Panel01.Skia.Gtk", "Panel01\Panel01.Skia.Gtk\Panel01.Skia.Gtk.csproj", "{28B752AF-E04E-439E-9BB3-6563609F3937}"
EndProject
Project("{FAE04EC0-301F-11D3-BF4B-00C04F79EFBC}") = "Panel01.Skia.Tizen", "Panel01\Panel01.Skia.Tizen\Panel01.Skia.Tizen.csproj", "{ECB20402-4468-47DD-B1FF-DE6F618EA4B4}"
EndProject
Global
	GlobalSection(SharedMSBuildProjectFiles) = preSolution
		Panel01\Panel01.Shared\Panel01.Shared.projitems*{28b752af-e04e-439e-9bb3-6563609f3937}*SharedItemsImports = 5
		Panel01\Panel01.Shared\Panel01.Shared.projitems*{6279c845-92f8-4333-ab99-3d213163593c}*SharedItemsImports = 13
		Panel01\Panel01.Shared\Panel01.Shared.projitems*{74477bf2-e3d9-4a8d-973a-bb7b29275d4a}*SharedItemsImports = 4
		Panel01\Panel01.Shared\Panel01.Shared.projitems*{76c124dd-c4de-4fdc-aabd-dd9e1be83d2d}*SharedItemsImports = 4
		Panel01\Panel01.Shared\Panel01.Shared.projitems*{78be33f3-5eb4-4fc8-89ba-8b232f209a64}*SharedItemsImports = 5
		Panel01\Panel01.Shared\Panel01.Shared.projitems*{79a8957d-b8bc-4102-b31a-eb0b2a67ce9d}*SharedItemsImports = 4
		Panel01\Panel01.Shared\Panel01.Shared.projitems*{a7515a9c-94d3-4a64-8e63-3664bb1b7970}*SharedItemsImports = 4
		Panel01\Panel01.Shared\Panel01.Shared.projitems*{c6d1474f-7729-4e50-b679-308c3182bc8d}*SharedItemsImports = 5
		Panel01\Panel01.Shared\Panel01.Shared.projitems*{ecb20402-4468-47dd-b1ff-de6f618ea4b4}*SharedItemsImports = 5
	EndGlobalSection
	GlobalSection(SolutionConfigurationPlatforms) = preSolution
		Ad-Hoc|Any CPU = Ad-Hoc|Any CPU
		Ad-Hoc|ARM = Ad-Hoc|ARM
		Ad-Hoc|ARM64 = Ad-Hoc|ARM64
		Ad-Hoc|iPhone = Ad-Hoc|iPhone
		Ad-Hoc|iPhoneSimulator = Ad-Hoc|iPhoneSimulator
		Ad-Hoc|x64 = Ad-Hoc|x64
		Ad-Hoc|x86 = Ad-Hoc|x86
		AppStore|Any CPU = AppStore|Any CPU
		AppStore|ARM = AppStore|ARM
		AppStore|ARM64 = AppStore|ARM64
		AppStore|iPhone = AppStore|iPhone
		AppStore|iPhoneSimulator = AppStore|iPhoneSimulator
		AppStore|x64 = AppStore|x64
		AppStore|x86 = AppStore|x86
		Debug|Any CPU = Debug|Any CPU
		Debug|ARM = Debug|ARM
		Debug|ARM64 = Debug|ARM64
		Debug|iPhone = Debug|iPhone
		Debug|iPhoneSimulator = Debug|iPhoneSimulator
		Debug|x64 = Debug|x64
		Debug|x86 = Debug|x86
		Release|Any CPU = Release|Any CPU
		Release|ARM = Release|ARM
		Release|ARM64 = Release|ARM64
		Release|iPhone = Release|iPhone
		Release|iPhoneSimulator = Release|iPhoneSimulator
		Release|x64 = Release|x64
		Release|x86 = Release|x86
	EndGlobalSection
	GlobalSection(ProjectConfigurationPlatforms) = postSolution
		{76C124DD-C4DE-4FDC-AABD-DD9E1BE83D2D}.Ad-Hoc|Any CPU.ActiveCfg = Debug|Any CPU
		{76C124DD-C4DE-4FDC-AABD-DD9E1BE83D2D}.Ad-Hoc|Any CPU.Build.0 = Debug|Any CPU
		{76C124DD-C4DE-4FDC-AABD-DD9E1BE83D2D}.Ad-Hoc|Any CPU.Deploy.0 = Debug|Any CPU
		{76C124DD-C4DE-4FDC-AABD-DD9E1BE83D2D}.Ad-Hoc|ARM.ActiveCfg = Debug|Any CPU
		{76C124DD-C4DE-4FDC-AABD-DD9E1BE83D2D}.Ad-Hoc|ARM.Build.0 = Debug|Any CPU
		{76C124DD-C4DE-4FDC-AABD-DD9E1BE83D2D}.Ad-Hoc|ARM.Deploy.0 = Debug|Any CPU
		{76C124DD-C4DE-4FDC-AABD-DD9E1BE83D2D}.Ad-Hoc|ARM64.ActiveCfg = Debug|Any CPU
		{76C124DD-C4DE-4FDC-AABD-DD9E1BE83D2D}.Ad-Hoc|ARM64.Build.0 = Debug|Any CPU
		{76C124DD-C4DE-4FDC-AABD-DD9E1BE83D2D}.Ad-Hoc|ARM64.Deploy.0 = Debug|Any CPU
		{76C124DD-C4DE-4FDC-AABD-DD9E1BE83D2D}.Ad-Hoc|iPhone.ActiveCfg = Debug|Any CPU
		{76C124DD-C4DE-4FDC-AABD-DD9E1BE83D2D}.Ad-Hoc|iPhone.Build.0 = Debug|Any CPU
		{76C124DD-C4DE-4FDC-AABD-DD9E1BE83D2D}.Ad-Hoc|iPhone.Deploy.0 = Debug|Any CPU
		{76C124DD-C4DE-4FDC-AABD-DD9E1BE83D2D}.Ad-Hoc|iPhoneSimulator.ActiveCfg = Debug|Any CPU
		{76C124DD-C4DE-4FDC-AABD-DD9E1BE83D2D}.Ad-Hoc|iPhoneSimulator.Build.0 = Debug|Any CPU
		{76C124DD-C4DE-4FDC-AABD-DD9E1BE83D2D}.Ad-Hoc|iPhoneSimulator.Deploy.0 = Debug|Any CPU
		{76C124DD-C4DE-4FDC-AABD-DD9E1BE83D2D}.Ad-Hoc|x64.ActiveCfg = Debug|Any CPU
		{76C124DD-C4DE-4FDC-AABD-DD9E1BE83D2D}.Ad-Hoc|x64.Build.0 = Debug|Any CPU
		{76C124DD-C4DE-4FDC-AABD-DD9E1BE83D2D}.Ad-Hoc|x64.Deploy.0 = Debug|Any CPU
		{76C124DD-C4DE-4FDC-AABD-DD9E1BE83D2D}.Ad-Hoc|x86.ActiveCfg = Debug|Any CPU
		{76C124DD-C4DE-4FDC-AABD-DD9E1BE83D2D}.Ad-Hoc|x86.Build.0 = Debug|Any CPU
		{76C124DD-C4DE-4FDC-AABD-DD9E1BE83D2D}.Ad-Hoc|x86.Deploy.0 = Debug|Any CPU
		{76C124DD-C4DE-4FDC-AABD-DD9E1BE83D2D}.AppStore|Any CPU.ActiveCfg = Debug|Any CPU
		{76C124DD-C4DE-4FDC-AABD-DD9E1BE83D2D}.AppStore|Any CPU.Build.0 = Debug|Any CPU
		{76C124DD-C4DE-4FDC-AABD-DD9E1BE83D2D}.AppStore|Any CPU.Deploy.0 = Debug|Any CPU
		{76C124DD-C4DE-4FDC-AABD-DD9E1BE83D2D}.AppStore|ARM.ActiveCfg = Debug|Any CPU
		{76C124DD-C4DE-4FDC-AABD-DD9E1BE83D2D}.AppStore|ARM.Build.0 = Debug|Any CPU
		{76C124DD-C4DE-4FDC-AABD-DD9E1BE83D2D}.AppStore|ARM.Deploy.0 = Debug|Any CPU
		{76C124DD-C4DE-4FDC-AABD-DD9E1BE83D2D}.AppStore|ARM64.ActiveCfg = Debug|Any CPU
		{76C124DD-C4DE-4FDC-AABD-DD9E1BE83D2D}.AppStore|ARM64.Build.0 = Debug|Any CPU
		{76C124DD-C4DE-4FDC-AABD-DD9E1BE83D2D}.AppStore|ARM64.Deploy.0 = Debug|Any CPU
		{76C124DD-C4DE-4FDC-AABD-DD9E1BE83D2D}.AppStore|iPhone.ActiveCfg = Debug|Any CPU
		{76C124DD-C4DE-4FDC-AABD-DD9E1BE83D2D}.AppStore|iPhone.Build.0 = Debug|Any CPU
		{76C124DD-C4DE-4FDC-AABD-DD9E1BE83D2D}.AppStore|iPhone.Deploy.0 = Debug|Any CPU
		{76C124DD-C4DE-4FDC-AABD-DD9E1BE83D2D}.AppStore|iPhoneSimulator.ActiveCfg = Debug|Any CPU
		{76C124DD-C4DE-4FDC-AABD-DD9E1BE83D2D}.AppStore|iPhoneSimulator.Build.0 = Debug|Any CPU
		{76C124DD-C4DE-4FDC-AABD-DD9E1BE83D2D}.AppStore|iPhoneSimulator.Deploy.0 = Debug|Any CPU
		{76C124DD-C4DE-4FDC-AABD-DD9E1BE83D2D}.AppStore|x64.ActiveCfg = Debug|Any CPU
		{76C124DD-C4DE-4FDC-AABD-DD9E1BE83D2D}.AppStore|x64.Build.0 = Debug|Any CPU
		{76C124DD-C4DE-4FDC-AABD-DD9E1BE83D2D}.AppStore|x64.Deploy.0 = Debug|Any CPU
		{76C124DD-C4DE-4FDC-AABD-DD9E1BE83D2D}.AppStore|x86.ActiveCfg = Debug|Any CPU
		{76C124DD-C4DE-4FDC-AABD-DD9E1BE83D2D}.AppStore|x86.Build.0 = Debug|Any CPU
		{76C124DD-C4DE-4FDC-AABD-DD9E1BE83D2D}.AppStore|x86.Deploy.0 = Debug|Any CPU
		{76C124DD-C4DE-4FDC-AABD-DD9E1BE83D2D}.Debug|Any CPU.ActiveCfg = Debug|Any CPU
		{76C124DD-C4DE-4FDC-AABD-DD9E1BE83D2D}.Debug|Any CPU.Build.0 = Debug|Any CPU
		{76C124DD-C4DE-4FDC-AABD-DD9E1BE83D2D}.Debug|Any CPU.Deploy.0 = Debug|Any CPU
		{76C124DD-C4DE-4FDC-AABD-DD9E1BE83D2D}.Debug|ARM.ActiveCfg = Debug|Any CPU
		{76C124DD-C4DE-4FDC-AABD-DD9E1BE83D2D}.Debug|ARM.Build.0 = Debug|Any CPU
		{76C124DD-C4DE-4FDC-AABD-DD9E1BE83D2D}.Debug|ARM.Deploy.0 = Debug|Any CPU
		{76C124DD-C4DE-4FDC-AABD-DD9E1BE83D2D}.Debug|ARM64.ActiveCfg = Debug|Any CPU
		{76C124DD-C4DE-4FDC-AABD-DD9E1BE83D2D}.Debug|ARM64.Build.0 = Debug|Any CPU
		{76C124DD-C4DE-4FDC-AABD-DD9E1BE83D2D}.Debug|ARM64.Deploy.0 = Debug|Any CPU
		{76C124DD-C4DE-4FDC-AABD-DD9E1BE83D2D}.Debug|iPhone.ActiveCfg = Debug|Any CPU
		{76C124DD-C4DE-4FDC-AABD-DD9E1BE83D2D}.Debug|iPhone.Build.0 = Debug|Any CPU
		{76C124DD-C4DE-4FDC-AABD-DD9E1BE83D2D}.Debug|iPhone.Deploy.0 = Debug|Any CPU
		{76C124DD-C4DE-4FDC-AABD-DD9E1BE83D2D}.Debug|iPhoneSimulator.ActiveCfg = Debug|Any CPU
		{76C124DD-C4DE-4FDC-AABD-DD9E1BE83D2D}.Debug|iPhoneSimulator.Build.0 = Debug|Any CPU
		{76C124DD-C4DE-4FDC-AABD-DD9E1BE83D2D}.Debug|iPhoneSimulator.Deploy.0 = Debug|Any CPU
		{76C124DD-C4DE-4FDC-AABD-DD9E1BE83D2D}.Debug|x64.ActiveCfg = Debug|Any CPU
		{76C124DD-C4DE-4FDC-AABD-DD9E1BE83D2D}.Debug|x64.Build.0 = Debug|Any CPU
		{76C124DD-C4DE-4FDC-AABD-DD9E1BE83D2D}.Debug|x64.Deploy.0 = Debug|Any CPU
		{76C124DD-C4DE-4FDC-AABD-DD9E1BE83D2D}.Debug|x86.ActiveCfg = Debug|Any CPU
		{76C124DD-C4DE-4FDC-AABD-DD9E1BE83D2D}.Debug|x86.Build.0 = Debug|Any CPU
		{76C124DD-C4DE-4FDC-AABD-DD9E1BE83D2D}.Debug|x86.Deploy.0 = Debug|Any CPU
		{76C124DD-C4DE-4FDC-AABD-DD9E1BE83D2D}.Release|Any CPU.ActiveCfg = Release|Any CPU
		{76C124DD-C4DE-4FDC-AABD-DD9E1BE83D2D}.Release|Any CPU.Build.0 = Release|Any CPU
		{76C124DD-C4DE-4FDC-AABD-DD9E1BE83D2D}.Release|Any CPU.Deploy.0 = Release|Any CPU
		{76C124DD-C4DE-4FDC-AABD-DD9E1BE83D2D}.Release|ARM.ActiveCfg = Release|Any CPU
		{76C124DD-C4DE-4FDC-AABD-DD9E1BE83D2D}.Release|ARM.Build.0 = Release|Any CPU
		{76C124DD-C4DE-4FDC-AABD-DD9E1BE83D2D}.Release|ARM.Deploy.0 = Release|Any CPU
		{76C124DD-C4DE-4FDC-AABD-DD9E1BE83D2D}.Release|ARM64.ActiveCfg = Release|Any CPU
		{76C124DD-C4DE-4FDC-AABD-DD9E1BE83D2D}.Release|ARM64.Build.0 = Release|Any CPU
		{76C124DD-C4DE-4FDC-AABD-DD9E1BE83D2D}.Release|ARM64.Deploy.0 = Release|Any CPU
		{76C124DD-C4DE-4FDC-AABD-DD9E1BE83D2D}.Release|iPhone.ActiveCfg = Release|Any CPU
		{76C124DD-C4DE-4FDC-AABD-DD9E1BE83D2D}.Release|iPhone.Build.0 = Release|Any CPU
		{76C124DD-C4DE-4FDC-AABD-DD9E1BE83D2D}.Release|iPhone.Deploy.0 = Release|Any CPU
		{76C124DD-C4DE-4FDC-AABD-DD9E1BE83D2D}.Release|iPhoneSimulator.ActiveCfg = Release|Any CPU
		{76C124DD-C4DE-4FDC-AABD-DD9E1BE83D2D}.Release|iPhoneSimulator.Build.0 = Release|Any CPU
		{76C124DD-C4DE-4FDC-AABD-DD9E1BE83D2D}.Release|iPhoneSimulator.Deploy.0 = Release|Any CPU
		{76C124DD-C4DE-4FDC-AABD-DD9E1BE83D2D}.Release|x64.ActiveCfg = Release|Any CPU
		{76C124DD-C4DE-4FDC-AABD-DD9E1BE83D2D}.Release|x64.Build.0 = Release|Any CPU
		{76C124DD-C4DE-4FDC-AABD-DD9E1BE83D2D}.Release|x64.Deploy.0 = Release|Any CPU
		{76C124DD-C4DE-4FDC-AABD-DD9E1BE83D2D}.Release|x86.ActiveCfg = Release|Any CPU
		{76C124DD-C4DE-4FDC-AABD-DD9E1BE83D2D}.Release|x86.Build.0 = Release|Any CPU
		{76C124DD-C4DE-4FDC-AABD-DD9E1BE83D2D}.Release|x86.Deploy.0 = Release|Any CPU
		{74477BF2-E3D9-4A8D-973A-BB7B29275D4A}.Ad-Hoc|Any CPU.ActiveCfg = Ad-Hoc|iPhoneSimulator
		{74477BF2-E3D9-4A8D-973A-BB7B29275D4A}.Ad-Hoc|ARM.ActiveCfg = Ad-Hoc|iPhoneSimulator
		{74477BF2-E3D9-4A8D-973A-BB7B29275D4A}.Ad-Hoc|ARM64.ActiveCfg = Ad-Hoc|iPhoneSimulator
		{74477BF2-E3D9-4A8D-973A-BB7B29275D4A}.Ad-Hoc|iPhone.ActiveCfg = Ad-Hoc|iPhone
		{74477BF2-E3D9-4A8D-973A-BB7B29275D4A}.Ad-Hoc|iPhone.Build.0 = Ad-Hoc|iPhone
		{74477BF2-E3D9-4A8D-973A-BB7B29275D4A}.Ad-Hoc|iPhoneSimulator.ActiveCfg = Ad-Hoc|iPhoneSimulator
		{74477BF2-E3D9-4A8D-973A-BB7B29275D4A}.Ad-Hoc|iPhoneSimulator.Build.0 = Ad-Hoc|iPhoneSimulator
		{74477BF2-E3D9-4A8D-973A-BB7B29275D4A}.Ad-Hoc|x64.ActiveCfg = Ad-Hoc|iPhoneSimulator
		{74477BF2-E3D9-4A8D-973A-BB7B29275D4A}.Ad-Hoc|x86.ActiveCfg = Ad-Hoc|iPhoneSimulator
		{74477BF2-E3D9-4A8D-973A-BB7B29275D4A}.AppStore|Any CPU.ActiveCfg = AppStore|iPhoneSimulator
		{74477BF2-E3D9-4A8D-973A-BB7B29275D4A}.AppStore|ARM.ActiveCfg = AppStore|iPhoneSimulator
		{74477BF2-E3D9-4A8D-973A-BB7B29275D4A}.AppStore|ARM64.ActiveCfg = AppStore|iPhoneSimulator
		{74477BF2-E3D9-4A8D-973A-BB7B29275D4A}.AppStore|iPhone.ActiveCfg = AppStore|iPhone
		{74477BF2-E3D9-4A8D-973A-BB7B29275D4A}.AppStore|iPhone.Build.0 = AppStore|iPhone
		{74477BF2-E3D9-4A8D-973A-BB7B29275D4A}.AppStore|iPhoneSimulator.ActiveCfg = AppStore|iPhoneSimulator
		{74477BF2-E3D9-4A8D-973A-BB7B29275D4A}.AppStore|iPhoneSimulator.Build.0 = AppStore|iPhoneSimulator
		{74477BF2-E3D9-4A8D-973A-BB7B29275D4A}.AppStore|x64.ActiveCfg = AppStore|iPhoneSimulator
		{74477BF2-E3D9-4A8D-973A-BB7B29275D4A}.AppStore|x86.ActiveCfg = AppStore|iPhoneSimulator
		{74477BF2-E3D9-4A8D-973A-BB7B29275D4A}.Debug|Any CPU.ActiveCfg = Debug|iPhoneSimulator
		{74477BF2-E3D9-4A8D-973A-BB7B29275D4A}.Debug|ARM.ActiveCfg = Debug|iPhoneSimulator
		{74477BF2-E3D9-4A8D-973A-BB7B29275D4A}.Debug|ARM64.ActiveCfg = Debug|iPhoneSimulator
		{74477BF2-E3D9-4A8D-973A-BB7B29275D4A}.Debug|iPhone.ActiveCfg = Debug|iPhone
		{74477BF2-E3D9-4A8D-973A-BB7B29275D4A}.Debug|iPhone.Build.0 = Debug|iPhone
		{74477BF2-E3D9-4A8D-973A-BB7B29275D4A}.Debug|iPhoneSimulator.ActiveCfg = Debug|iPhoneSimulator
		{74477BF2-E3D9-4A8D-973A-BB7B29275D4A}.Debug|iPhoneSimulator.Build.0 = Debug|iPhoneSimulator
		{74477BF2-E3D9-4A8D-973A-BB7B29275D4A}.Debug|x64.ActiveCfg = Debug|iPhoneSimulator
		{74477BF2-E3D9-4A8D-973A-BB7B29275D4A}.Debug|x86.ActiveCfg = Debug|iPhoneSimulator
		{74477BF2-E3D9-4A8D-973A-BB7B29275D4A}.Release|Any CPU.ActiveCfg = Release|iPhoneSimulator
		{74477BF2-E3D9-4A8D-973A-BB7B29275D4A}.Release|ARM.ActiveCfg = Release|iPhoneSimulator
		{74477BF2-E3D9-4A8D-973A-BB7B29275D4A}.Release|ARM64.ActiveCfg = Release|iPhoneSimulator
		{74477BF2-E3D9-4A8D-973A-BB7B29275D4A}.Release|iPhone.ActiveCfg = Release|iPhone
		{74477BF2-E3D9-4A8D-973A-BB7B29275D4A}.Release|iPhone.Build.0 = Release|iPhone
		{74477BF2-E3D9-4A8D-973A-BB7B29275D4A}.Release|iPhoneSimulator.ActiveCfg = Release|iPhoneSimulator
		{74477BF2-E3D9-4A8D-973A-BB7B29275D4A}.Release|iPhoneSimulator.Build.0 = Release|iPhoneSimulator
		{74477BF2-E3D9-4A8D-973A-BB7B29275D4A}.Release|x64.ActiveCfg = Release|iPhoneSimulator
		{74477BF2-E3D9-4A8D-973A-BB7B29275D4A}.Release|x86.ActiveCfg = Release|iPhoneSimulator
		{79A8957D-B8BC-4102-B31A-EB0B2A67CE9D}.Ad-Hoc|Any CPU.ActiveCfg = Debug|x86
		{79A8957D-B8BC-4102-B31A-EB0B2A67CE9D}.Ad-Hoc|Any CPU.Build.0 = Debug|x86
		{79A8957D-B8BC-4102-B31A-EB0B2A67CE9D}.Ad-Hoc|Any CPU.Deploy.0 = Debug|x86
		{79A8957D-B8BC-4102-B31A-EB0B2A67CE9D}.Ad-Hoc|ARM.ActiveCfg = Debug|ARM
		{79A8957D-B8BC-4102-B31A-EB0B2A67CE9D}.Ad-Hoc|ARM.Build.0 = Debug|ARM
		{79A8957D-B8BC-4102-B31A-EB0B2A67CE9D}.Ad-Hoc|ARM.Deploy.0 = Debug|ARM
		{79A8957D-B8BC-4102-B31A-EB0B2A67CE9D}.Ad-Hoc|ARM64.ActiveCfg = Debug|ARM64
		{79A8957D-B8BC-4102-B31A-EB0B2A67CE9D}.Ad-Hoc|ARM64.Build.0 = Debug|ARM64
		{79A8957D-B8BC-4102-B31A-EB0B2A67CE9D}.Ad-Hoc|ARM64.Deploy.0 = Debug|ARM64
		{79A8957D-B8BC-4102-B31A-EB0B2A67CE9D}.Ad-Hoc|iPhone.ActiveCfg = Debug|x86
		{79A8957D-B8BC-4102-B31A-EB0B2A67CE9D}.Ad-Hoc|iPhone.Build.0 = Debug|x86
		{79A8957D-B8BC-4102-B31A-EB0B2A67CE9D}.Ad-Hoc|iPhone.Deploy.0 = Debug|x86
		{79A8957D-B8BC-4102-B31A-EB0B2A67CE9D}.Ad-Hoc|iPhoneSimulator.ActiveCfg = Debug|x86
		{79A8957D-B8BC-4102-B31A-EB0B2A67CE9D}.Ad-Hoc|iPhoneSimulator.Build.0 = Debug|x86
		{79A8957D-B8BC-4102-B31A-EB0B2A67CE9D}.Ad-Hoc|iPhoneSimulator.Deploy.0 = Debug|x86
		{79A8957D-B8BC-4102-B31A-EB0B2A67CE9D}.Ad-Hoc|x64.ActiveCfg = Debug|x64
		{79A8957D-B8BC-4102-B31A-EB0B2A67CE9D}.Ad-Hoc|x64.Build.0 = Debug|x64
		{79A8957D-B8BC-4102-B31A-EB0B2A67CE9D}.Ad-Hoc|x64.Deploy.0 = Debug|x64
		{79A8957D-B8BC-4102-B31A-EB0B2A67CE9D}.Ad-Hoc|x86.ActiveCfg = Debug|x86
		{79A8957D-B8BC-4102-B31A-EB0B2A67CE9D}.Ad-Hoc|x86.Build.0 = Debug|x86
		{79A8957D-B8BC-4102-B31A-EB0B2A67CE9D}.Ad-Hoc|x86.Deploy.0 = Debug|x86
		{79A8957D-B8BC-4102-B31A-EB0B2A67CE9D}.AppStore|Any CPU.ActiveCfg = Debug|x86
		{79A8957D-B8BC-4102-B31A-EB0B2A67CE9D}.AppStore|Any CPU.Build.0 = Debug|x86
		{79A8957D-B8BC-4102-B31A-EB0B2A67CE9D}.AppStore|Any CPU.Deploy.0 = Debug|x86
		{79A8957D-B8BC-4102-B31A-EB0B2A67CE9D}.AppStore|ARM.ActiveCfg = Debug|ARM
		{79A8957D-B8BC-4102-B31A-EB0B2A67CE9D}.AppStore|ARM.Build.0 = Debug|ARM
		{79A8957D-B8BC-4102-B31A-EB0B2A67CE9D}.AppStore|ARM.Deploy.0 = Debug|ARM
		{79A8957D-B8BC-4102-B31A-EB0B2A67CE9D}.AppStore|ARM64.ActiveCfg = Debug|ARM64
		{79A8957D-B8BC-4102-B31A-EB0B2A67CE9D}.AppStore|ARM64.Build.0 = Debug|ARM64
		{79A8957D-B8BC-4102-B31A-EB0B2A67CE9D}.AppStore|ARM64.Deploy.0 = Debug|ARM64
		{79A8957D-B8BC-4102-B31A-EB0B2A67CE9D}.AppStore|iPhone.ActiveCfg = Debug|x86
		{79A8957D-B8BC-4102-B31A-EB0B2A67CE9D}.AppStore|iPhone.Build.0 = Debug|x86
		{79A8957D-B8BC-4102-B31A-EB0B2A67CE9D}.AppStore|iPhone.Deploy.0 = Debug|x86
		{79A8957D-B8BC-4102-B31A-EB0B2A67CE9D}.AppStore|iPhoneSimulator.ActiveCfg = Debug|x86
		{79A8957D-B8BC-4102-B31A-EB0B2A67CE9D}.AppStore|iPhoneSimulator.Build.0 = Debug|x86
		{79A8957D-B8BC-4102-B31A-EB0B2A67CE9D}.AppStore|iPhoneSimulator.Deploy.0 = Debug|x86
		{79A8957D-B8BC-4102-B31A-EB0B2A67CE9D}.AppStore|x64.ActiveCfg = Debug|x64
		{79A8957D-B8BC-4102-B31A-EB0B2A67CE9D}.AppStore|x64.Build.0 = Debug|x64
		{79A8957D-B8BC-4102-B31A-EB0B2A67CE9D}.AppStore|x64.Deploy.0 = Debug|x64
		{79A8957D-B8BC-4102-B31A-EB0B2A67CE9D}.AppStore|x86.ActiveCfg = Debug|x86
		{79A8957D-B8BC-4102-B31A-EB0B2A67CE9D}.AppStore|x86.Build.0 = Debug|x86
		{79A8957D-B8BC-4102-B31A-EB0B2A67CE9D}.AppStore|x86.Deploy.0 = Debug|x86
		{79A8957D-B8BC-4102-B31A-EB0B2A67CE9D}.Debug|Any CPU.ActiveCfg = Debug|x86
		{79A8957D-B8BC-4102-B31A-EB0B2A67CE9D}.Debug|Any CPU.Build.0 = Debug|x86
		{79A8957D-B8BC-4102-B31A-EB0B2A67CE9D}.Debug|Any CPU.Deploy.0 = Debug|x86
		{79A8957D-B8BC-4102-B31A-EB0B2A67CE9D}.Debug|ARM.ActiveCfg = Debug|ARM
		{79A8957D-B8BC-4102-B31A-EB0B2A67CE9D}.Debug|ARM.Build.0 = Debug|ARM
		{79A8957D-B8BC-4102-B31A-EB0B2A67CE9D}.Debug|ARM.Deploy.0 = Debug|ARM
		{79A8957D-B8BC-4102-B31A-EB0B2A67CE9D}.Debug|ARM64.ActiveCfg = Debug|ARM64
		{79A8957D-B8BC-4102-B31A-EB0B2A67CE9D}.Debug|ARM64.Build.0 = Debug|ARM64
		{79A8957D-B8BC-4102-B31A-EB0B2A67CE9D}.Debug|ARM64.Deploy.0 = Debug|ARM64
		{79A8957D-B8BC-4102-B31A-EB0B2A67CE9D}.Debug|iPhone.ActiveCfg = Debug|x86
		{79A8957D-B8BC-4102-B31A-EB0B2A67CE9D}.Debug|iPhoneSimulator.ActiveCfg = Debug|x86
		{79A8957D-B8BC-4102-B31A-EB0B2A67CE9D}.Debug|x64.ActiveCfg = Debug|x64
		{79A8957D-B8BC-4102-B31A-EB0B2A67CE9D}.Debug|x64.Build.0 = Debug|x64
		{79A8957D-B8BC-4102-B31A-EB0B2A67CE9D}.Debug|x64.Deploy.0 = Debug|x64
		{79A8957D-B8BC-4102-B31A-EB0B2A67CE9D}.Debug|x86.ActiveCfg = Debug|x86
		{79A8957D-B8BC-4102-B31A-EB0B2A67CE9D}.Debug|x86.Build.0 = Debug|x86
		{79A8957D-B8BC-4102-B31A-EB0B2A67CE9D}.Debug|x86.Deploy.0 = Debug|x86
		{79A8957D-B8BC-4102-B31A-EB0B2A67CE9D}.Release|Any CPU.ActiveCfg = Release|x86
		{79A8957D-B8BC-4102-B31A-EB0B2A67CE9D}.Release|ARM.ActiveCfg = Release|ARM
		{79A8957D-B8BC-4102-B31A-EB0B2A67CE9D}.Release|ARM.Build.0 = Release|ARM
		{79A8957D-B8BC-4102-B31A-EB0B2A67CE9D}.Release|ARM.Deploy.0 = Release|ARM
		{79A8957D-B8BC-4102-B31A-EB0B2A67CE9D}.Release|ARM64.ActiveCfg = Release|ARM64
		{79A8957D-B8BC-4102-B31A-EB0B2A67CE9D}.Release|ARM64.Build.0 = Release|ARM64
		{79A8957D-B8BC-4102-B31A-EB0B2A67CE9D}.Release|ARM64.Deploy.0 = Release|ARM64
		{79A8957D-B8BC-4102-B31A-EB0B2A67CE9D}.Release|iPhone.ActiveCfg = Release|x86
		{79A8957D-B8BC-4102-B31A-EB0B2A67CE9D}.Release|iPhoneSimulator.ActiveCfg = Release|x86
		{79A8957D-B8BC-4102-B31A-EB0B2A67CE9D}.Release|x64.ActiveCfg = Release|x64
		{79A8957D-B8BC-4102-B31A-EB0B2A67CE9D}.Release|x64.Build.0 = Release|x64
		{79A8957D-B8BC-4102-B31A-EB0B2A67CE9D}.Release|x64.Deploy.0 = Release|x64
		{79A8957D-B8BC-4102-B31A-EB0B2A67CE9D}.Release|x86.ActiveCfg = Release|x86
		{79A8957D-B8BC-4102-B31A-EB0B2A67CE9D}.Release|x86.Build.0 = Release|x86
		{79A8957D-B8BC-4102-B31A-EB0B2A67CE9D}.Release|x86.Deploy.0 = Release|x86
		{78BE33F3-5EB4-4FC8-89BA-8B232F209A64}.Ad-Hoc|Any CPU.ActiveCfg = Debug|Any CPU
		{78BE33F3-5EB4-4FC8-89BA-8B232F209A64}.Ad-Hoc|Any CPU.Build.0 = Debug|Any CPU
		{78BE33F3-5EB4-4FC8-89BA-8B232F209A64}.Ad-Hoc|ARM.ActiveCfg = Debug|Any CPU
		{78BE33F3-5EB4-4FC8-89BA-8B232F209A64}.Ad-Hoc|ARM.Build.0 = Debug|Any CPU
		{78BE33F3-5EB4-4FC8-89BA-8B232F209A64}.Ad-Hoc|ARM64.ActiveCfg = Debug|Any CPU
		{78BE33F3-5EB4-4FC8-89BA-8B232F209A64}.Ad-Hoc|ARM64.Build.0 = Debug|Any CPU
		{78BE33F3-5EB4-4FC8-89BA-8B232F209A64}.Ad-Hoc|iPhone.ActiveCfg = Debug|Any CPU
		{78BE33F3-5EB4-4FC8-89BA-8B232F209A64}.Ad-Hoc|iPhone.Build.0 = Debug|Any CPU
		{78BE33F3-5EB4-4FC8-89BA-8B232F209A64}.Ad-Hoc|iPhoneSimulator.ActiveCfg = Debug|Any CPU
		{78BE33F3-5EB4-4FC8-89BA-8B232F209A64}.Ad-Hoc|iPhoneSimulator.Build.0 = Debug|Any CPU
		{78BE33F3-5EB4-4FC8-89BA-8B232F209A64}.Ad-Hoc|x64.ActiveCfg = Debug|Any CPU
		{78BE33F3-5EB4-4FC8-89BA-8B232F209A64}.Ad-Hoc|x64.Build.0 = Debug|Any CPU
		{78BE33F3-5EB4-4FC8-89BA-8B232F209A64}.Ad-Hoc|x86.ActiveCfg = Debug|Any CPU
		{78BE33F3-5EB4-4FC8-89BA-8B232F209A64}.Ad-Hoc|x86.Build.0 = Debug|Any CPU
		{78BE33F3-5EB4-4FC8-89BA-8B232F209A64}.AppStore|Any CPU.ActiveCfg = Debug|Any CPU
		{78BE33F3-5EB4-4FC8-89BA-8B232F209A64}.AppStore|Any CPU.Build.0 = Debug|Any CPU
		{78BE33F3-5EB4-4FC8-89BA-8B232F209A64}.AppStore|ARM.ActiveCfg = Debug|Any CPU
		{78BE33F3-5EB4-4FC8-89BA-8B232F209A64}.AppStore|ARM.Build.0 = Debug|Any CPU
		{78BE33F3-5EB4-4FC8-89BA-8B232F209A64}.AppStore|ARM64.ActiveCfg = Debug|Any CPU
		{78BE33F3-5EB4-4FC8-89BA-8B232F209A64}.AppStore|ARM64.Build.0 = Debug|Any CPU
		{78BE33F3-5EB4-4FC8-89BA-8B232F209A64}.AppStore|iPhone.ActiveCfg = Debug|Any CPU
		{78BE33F3-5EB4-4FC8-89BA-8B232F209A64}.AppStore|iPhone.Build.0 = Debug|Any CPU
		{78BE33F3-5EB4-4FC8-89BA-8B232F209A64}.AppStore|iPhoneSimulator.ActiveCfg = Debug|Any CPU
		{78BE33F3-5EB4-4FC8-89BA-8B232F209A64}.AppStore|iPhoneSimulator.Build.0 = Debug|Any CPU
		{78BE33F3-5EB4-4FC8-89BA-8B232F209A64}.AppStore|x64.ActiveCfg = Debug|Any CPU
		{78BE33F3-5EB4-4FC8-89BA-8B232F209A64}.AppStore|x64.Build.0 = Debug|Any CPU
		{78BE33F3-5EB4-4FC8-89BA-8B232F209A64}.AppStore|x86.ActiveCfg = Debug|Any CPU
		{78BE33F3-5EB4-4FC8-89BA-8B232F209A64}.AppStore|x86.Build.0 = Debug|Any CPU
		{78BE33F3-5EB4-4FC8-89BA-8B232F209A64}.Debug|Any CPU.ActiveCfg = Debug|Any CPU
		{78BE33F3-5EB4-4FC8-89BA-8B232F209A64}.Debug|Any CPU.Build.0 = Debug|Any CPU
		{78BE33F3-5EB4-4FC8-89BA-8B232F209A64}.Debug|ARM.ActiveCfg = Debug|Any CPU
		{78BE33F3-5EB4-4FC8-89BA-8B232F209A64}.Debug|ARM.Build.0 = Debug|Any CPU
		{78BE33F3-5EB4-4FC8-89BA-8B232F209A64}.Debug|ARM64.ActiveCfg = Debug|Any CPU
		{78BE33F3-5EB4-4FC8-89BA-8B232F209A64}.Debug|ARM64.Build.0 = Debug|Any CPU
		{78BE33F3-5EB4-4FC8-89BA-8B232F209A64}.Debug|iPhone.ActiveCfg = Debug|Any CPU
		{78BE33F3-5EB4-4FC8-89BA-8B232F209A64}.Debug|iPhone.Build.0 = Debug|Any CPU
		{78BE33F3-5EB4-4FC8-89BA-8B232F209A64}.Debug|iPhoneSimulator.ActiveCfg = Debug|Any CPU
		{78BE33F3-5EB4-4FC8-89BA-8B232F209A64}.Debug|iPhoneSimulator.Build.0 = Debug|Any CPU
		{78BE33F3-5EB4-4FC8-89BA-8B232F209A64}.Debug|x64.ActiveCfg = Debug|Any CPU
		{78BE33F3-5EB4-4FC8-89BA-8B232F209A64}.Debug|x64.Build.0 = Debug|Any CPU
		{78BE33F3-5EB4-4FC8-89BA-8B232F209A64}.Debug|x86.ActiveCfg = Debug|Any CPU
		{78BE33F3-5EB4-4FC8-89BA-8B232F209A64}.Debug|x86.Build.0 = Debug|Any CPU
		{78BE33F3-5EB4-4FC8-89BA-8B232F209A64}.Release|Any CPU.ActiveCfg = Release|Any CPU
		{78BE33F3-5EB4-4FC8-89BA-8B232F209A64}.Release|Any CPU.Build.0 = Release|Any CPU
		{78BE33F3-5EB4-4FC8-89BA-8B232F209A64}.Release|ARM.ActiveCfg = Release|Any CPU
		{78BE33F3-5EB4-4FC8-89BA-8B232F209A64}.Release|ARM.Build.0 = Release|Any CPU
		{78BE33F3-5EB4-4FC8-89BA-8B232F209A64}.Release|ARM64.ActiveCfg = Release|Any CPU
		{78BE33F3-5EB4-4FC8-89BA-8B232F209A64}.Release|ARM64.Build.0 = Release|Any CPU
		{78BE33F3-5EB4-4FC8-89BA-8B232F209A64}.Release|iPhone.ActiveCfg = Release|Any CPU
		{78BE33F3-5EB4-4FC8-89BA-8B232F209A64}.Release|iPhone.Build.0 = Release|Any CPU
		{78BE33F3-5EB4-4FC8-89BA-8B232F209A64}.Release|iPhoneSimulator.ActiveCfg = Release|Any CPU
		{78BE33F3-5EB4-4FC8-89BA-8B232F209A64}.Release|iPhoneSimulator.Build.0 = Release|Any CPU
		{78BE33F3-5EB4-4FC8-89BA-8B232F209A64}.Release|x64.ActiveCfg = Release|Any CPU
		{78BE33F3-5EB4-4FC8-89BA-8B232F209A64}.Release|x64.Build.0 = Release|Any CPU
		{78BE33F3-5EB4-4FC8-89BA-8B232F209A64}.Release|x86.ActiveCfg = Release|Any CPU
		{78BE33F3-5EB4-4FC8-89BA-8B232F209A64}.Release|x86.Build.0 = Release|Any CPU
		{A7515A9C-94D3-4A64-8E63-3664BB1B7970}.Ad-Hoc|Any CPU.ActiveCfg = Debug|iPhoneSimulator
		{A7515A9C-94D3-4A64-8E63-3664BB1B7970}.Ad-Hoc|Any CPU.Build.0 = Debug|iPhoneSimulator
		{A7515A9C-94D3-4A64-8E63-3664BB1B7970}.Ad-Hoc|ARM.ActiveCfg = Debug|iPhoneSimulator
		{A7515A9C-94D3-4A64-8E63-3664BB1B7970}.Ad-Hoc|ARM.Build.0 = Debug|iPhoneSimulator
		{A7515A9C-94D3-4A64-8E63-3664BB1B7970}.Ad-Hoc|ARM64.ActiveCfg = Debug|iPhoneSimulator
		{A7515A9C-94D3-4A64-8E63-3664BB1B7970}.Ad-Hoc|ARM64.Build.0 = Debug|iPhoneSimulator
		{A7515A9C-94D3-4A64-8E63-3664BB1B7970}.Ad-Hoc|iPhone.ActiveCfg = Debug|iPhoneSimulator
		{A7515A9C-94D3-4A64-8E63-3664BB1B7970}.Ad-Hoc|iPhone.Build.0 = Debug|iPhoneSimulator
		{A7515A9C-94D3-4A64-8E63-3664BB1B7970}.Ad-Hoc|iPhoneSimulator.ActiveCfg = Debug|iPhoneSimulator
		{A7515A9C-94D3-4A64-8E63-3664BB1B7970}.Ad-Hoc|iPhoneSimulator.Build.0 = Debug|iPhoneSimulator
		{A7515A9C-94D3-4A64-8E63-3664BB1B7970}.Ad-Hoc|x64.ActiveCfg = Debug|iPhoneSimulator
		{A7515A9C-94D3-4A64-8E63-3664BB1B7970}.Ad-Hoc|x64.Build.0 = Debug|iPhoneSimulator
		{A7515A9C-94D3-4A64-8E63-3664BB1B7970}.Ad-Hoc|x86.ActiveCfg = Debug|iPhoneSimulator
		{A7515A9C-94D3-4A64-8E63-3664BB1B7970}.Ad-Hoc|x86.Build.0 = Debug|iPhoneSimulator
		{A7515A9C-94D3-4A64-8E63-3664BB1B7970}.AppStore|Any CPU.ActiveCfg = Debug|iPhoneSimulator
		{A7515A9C-94D3-4A64-8E63-3664BB1B7970}.AppStore|Any CPU.Build.0 = Debug|iPhoneSimulator
		{A7515A9C-94D3-4A64-8E63-3664BB1B7970}.AppStore|ARM.ActiveCfg = Debug|iPhoneSimulator
		{A7515A9C-94D3-4A64-8E63-3664BB1B7970}.AppStore|ARM.Build.0 = Debug|iPhoneSimulator
		{A7515A9C-94D3-4A64-8E63-3664BB1B7970}.AppStore|ARM64.ActiveCfg = Debug|iPhoneSimulator
		{A7515A9C-94D3-4A64-8E63-3664BB1B7970}.AppStore|ARM64.Build.0 = Debug|iPhoneSimulator
		{A7515A9C-94D3-4A64-8E63-3664BB1B7970}.AppStore|iPhone.ActiveCfg = Debug|iPhoneSimulator
		{A7515A9C-94D3-4A64-8E63-3664BB1B7970}.AppStore|iPhone.Build.0 = Debug|iPhoneSimulator
		{A7515A9C-94D3-4A64-8E63-3664BB1B7970}.AppStore|iPhoneSimulator.ActiveCfg = Debug|iPhoneSimulator
		{A7515A9C-94D3-4A64-8E63-3664BB1B7970}.AppStore|iPhoneSimulator.Build.0 = Debug|iPhoneSimulator
		{A7515A9C-94D3-4A64-8E63-3664BB1B7970}.AppStore|x64.ActiveCfg = Debug|iPhoneSimulator
		{A7515A9C-94D3-4A64-8E63-3664BB1B7970}.AppStore|x64.Build.0 = Debug|iPhoneSimulator
		{A7515A9C-94D3-4A64-8E63-3664BB1B7970}.AppStore|x86.ActiveCfg = Debug|iPhoneSimulator
		{A7515A9C-94D3-4A64-8E63-3664BB1B7970}.AppStore|x86.Build.0 = Debug|iPhoneSimulator
		{A7515A9C-94D3-4A64-8E63-3664BB1B7970}.Debug|Any CPU.ActiveCfg = Debug|iPhoneSimulator
		{A7515A9C-94D3-4A64-8E63-3664BB1B7970}.Debug|ARM.ActiveCfg = Debug|iPhoneSimulator
		{A7515A9C-94D3-4A64-8E63-3664BB1B7970}.Debug|ARM64.ActiveCfg = Debug|iPhoneSimulator
		{A7515A9C-94D3-4A64-8E63-3664BB1B7970}.Debug|iPhone.ActiveCfg = Debug|iPhoneSimulator
		{A7515A9C-94D3-4A64-8E63-3664BB1B7970}.Debug|iPhoneSimulator.ActiveCfg = Debug|iPhoneSimulator
		{A7515A9C-94D3-4A64-8E63-3664BB1B7970}.Debug|iPhoneSimulator.Build.0 = Debug|iPhoneSimulator
		{A7515A9C-94D3-4A64-8E63-3664BB1B7970}.Debug|x64.ActiveCfg = Debug|iPhoneSimulator
		{A7515A9C-94D3-4A64-8E63-3664BB1B7970}.Debug|x86.ActiveCfg = Debug|iPhoneSimulator
		{A7515A9C-94D3-4A64-8E63-3664BB1B7970}.Release|Any CPU.ActiveCfg = Release|iPhoneSimulator
		{A7515A9C-94D3-4A64-8E63-3664BB1B7970}.Release|ARM.ActiveCfg = Release|iPhoneSimulator
		{A7515A9C-94D3-4A64-8E63-3664BB1B7970}.Release|ARM64.ActiveCfg = Release|iPhoneSimulator
		{A7515A9C-94D3-4A64-8E63-3664BB1B7970}.Release|iPhone.ActiveCfg = Release|iPhoneSimulator
		{A7515A9C-94D3-4A64-8E63-3664BB1B7970}.Release|iPhoneSimulator.ActiveCfg = Release|iPhoneSimulator
		{A7515A9C-94D3-4A64-8E63-3664BB1B7970}.Release|iPhoneSimulator.Build.0 = Release|iPhoneSimulator
		{A7515A9C-94D3-4A64-8E63-3664BB1B7970}.Release|x64.ActiveCfg = Release|iPhoneSimulator
		{A7515A9C-94D3-4A64-8E63-3664BB1B7970}.Release|x86.ActiveCfg = Release|iPhoneSimulator
		{15CED3F7-5FDB-4809-9BF1-78FDD1F2C904}.Ad-Hoc|Any CPU.ActiveCfg = Debug|Any CPU
		{15CED3F7-5FDB-4809-9BF1-78FDD1F2C904}.Ad-Hoc|Any CPU.Build.0 = Debug|Any CPU
		{15CED3F7-5FDB-4809-9BF1-78FDD1F2C904}.Ad-Hoc|ARM.ActiveCfg = Debug|Any CPU
		{15CED3F7-5FDB-4809-9BF1-78FDD1F2C904}.Ad-Hoc|ARM.Build.0 = Debug|Any CPU
		{15CED3F7-5FDB-4809-9BF1-78FDD1F2C904}.Ad-Hoc|ARM64.ActiveCfg = Debug|Any CPU
		{15CED3F7-5FDB-4809-9BF1-78FDD1F2C904}.Ad-Hoc|ARM64.Build.0 = Debug|Any CPU
		{15CED3F7-5FDB-4809-9BF1-78FDD1F2C904}.Ad-Hoc|iPhone.ActiveCfg = Debug|Any CPU
		{15CED3F7-5FDB-4809-9BF1-78FDD1F2C904}.Ad-Hoc|iPhone.Build.0 = Debug|Any CPU
		{15CED3F7-5FDB-4809-9BF1-78FDD1F2C904}.Ad-Hoc|iPhoneSimulator.ActiveCfg = Debug|Any CPU
		{15CED3F7-5FDB-4809-9BF1-78FDD1F2C904}.Ad-Hoc|iPhoneSimulator.Build.0 = Debug|Any CPU
		{15CED3F7-5FDB-4809-9BF1-78FDD1F2C904}.Ad-Hoc|x64.ActiveCfg = Debug|Any CPU
		{15CED3F7-5FDB-4809-9BF1-78FDD1F2C904}.Ad-Hoc|x64.Build.0 = Debug|Any CPU
		{15CED3F7-5FDB-4809-9BF1-78FDD1F2C904}.Ad-Hoc|x86.ActiveCfg = Debug|Any CPU
		{15CED3F7-5FDB-4809-9BF1-78FDD1F2C904}.Ad-Hoc|x86.Build.0 = Debug|Any CPU
		{15CED3F7-5FDB-4809-9BF1-78FDD1F2C904}.AppStore|Any CPU.ActiveCfg = Debug|Any CPU
		{15CED3F7-5FDB-4809-9BF1-78FDD1F2C904}.AppStore|Any CPU.Build.0 = Debug|Any CPU
		{15CED3F7-5FDB-4809-9BF1-78FDD1F2C904}.AppStore|ARM.ActiveCfg = Debug|Any CPU
		{15CED3F7-5FDB-4809-9BF1-78FDD1F2C904}.AppStore|ARM.Build.0 = Debug|Any CPU
		{15CED3F7-5FDB-4809-9BF1-78FDD1F2C904}.AppStore|ARM64.ActiveCfg = Debug|Any CPU
		{15CED3F7-5FDB-4809-9BF1-78FDD1F2C904}.AppStore|ARM64.Build.0 = Debug|Any CPU
		{15CED3F7-5FDB-4809-9BF1-78FDD1F2C904}.AppStore|iPhone.ActiveCfg = Debug|Any CPU
		{15CED3F7-5FDB-4809-9BF1-78FDD1F2C904}.AppStore|iPhone.Build.0 = Debug|Any CPU
		{15CED3F7-5FDB-4809-9BF1-78FDD1F2C904}.AppStore|iPhoneSimulator.ActiveCfg = Debug|Any CPU
		{15CED3F7-5FDB-4809-9BF1-78FDD1F2C904}.AppStore|iPhoneSimulator.Build.0 = Debug|Any CPU
		{15CED3F7-5FDB-4809-9BF1-78FDD1F2C904}.AppStore|x64.ActiveCfg = Debug|Any CPU
		{15CED3F7-5FDB-4809-9BF1-78FDD1F2C904}.AppStore|x64.Build.0 = Debug|Any CPU
		{15CED3F7-5FDB-4809-9BF1-78FDD1F2C904}.AppStore|x86.ActiveCfg = Debug|Any CPU
		{15CED3F7-5FDB-4809-9BF1-78FDD1F2C904}.AppStore|x86.Build.0 = Debug|Any CPU
		{15CED3F7-5FDB-4809-9BF1-78FDD1F2C904}.Debug|Any CPU.ActiveCfg = Debug|Any CPU
		{15CED3F7-5FDB-4809-9BF1-78FDD1F2C904}.Debug|Any CPU.Build.0 = Debug|Any CPU
		{15CED3F7-5FDB-4809-9BF1-78FDD1F2C904}.Debug|ARM.ActiveCfg = Debug|Any CPU
		{15CED3F7-5FDB-4809-9BF1-78FDD1F2C904}.Debug|ARM.Build.0 = Debug|Any CPU
		{15CED3F7-5FDB-4809-9BF1-78FDD1F2C904}.Debug|ARM64.ActiveCfg = Debug|Any CPU
		{15CED3F7-5FDB-4809-9BF1-78FDD1F2C904}.Debug|ARM64.Build.0 = Debug|Any CPU
		{15CED3F7-5FDB-4809-9BF1-78FDD1F2C904}.Debug|iPhone.ActiveCfg = Debug|Any CPU
		{15CED3F7-5FDB-4809-9BF1-78FDD1F2C904}.Debug|iPhone.Build.0 = Debug|Any CPU
		{15CED3F7-5FDB-4809-9BF1-78FDD1F2C904}.Debug|iPhoneSimulator.ActiveCfg = Debug|Any CPU
		{15CED3F7-5FDB-4809-9BF1-78FDD1F2C904}.Debug|iPhoneSimulator.Build.0 = Debug|Any CPU
		{15CED3F7-5FDB-4809-9BF1-78FDD1F2C904}.Debug|x64.ActiveCfg = Debug|Any CPU
		{15CED3F7-5FDB-4809-9BF1-78FDD1F2C904}.Debug|x64.Build.0 = Debug|Any CPU
		{15CED3F7-5FDB-4809-9BF1-78FDD1F2C904}.Debug|x86.ActiveCfg = Debug|Any CPU
		{15CED3F7-5FDB-4809-9BF1-78FDD1F2C904}.Debug|x86.Build.0 = Debug|Any CPU
		{15CED3F7-5FDB-4809-9BF1-78FDD1F2C904}.Release|Any CPU.ActiveCfg = Release|Any CPU
		{15CED3F7-5FDB-4809-9BF1-78FDD1F2C904}.Release|Any CPU.Build.0 = Release|Any CPU
		{15CED3F7-5FDB-4809-9BF1-78FDD1F2C904}.Release|ARM.ActiveCfg = Release|Any CPU
		{15CED3F7-5FDB-4809-9BF1-78FDD1F2C904}.Release|ARM.Build.0 = Release|Any CPU
		{15CED3F7-5FDB-4809-9BF1-78FDD1F2C904}.Release|ARM64.ActiveCfg = Release|Any CPU
		{15CED3F7-5FDB-4809-9BF1-78FDD1F2C904}.Release|ARM64.Build.0 = Release|Any CPU
		{15CED3F7-5FDB-4809-9BF1-78FDD1F2C904}.Release|iPhone.ActiveCfg = Release|Any CPU
		{15CED3F7-5FDB-4809-9BF1-78FDD1F2C904}.Release|iPhone.Build.0 = Release|Any CPU
		{15CED3F7-5FDB-4809-9BF1-78FDD1F2C904}.Release|iPhoneSimulator.ActiveCfg = Release|Any CPU
		{15CED3F7-5FDB-4809-9BF1-78FDD1F2C904}.Release|iPhoneSimulator.Build.0 = Release|Any CPU
		{15CED3F7-5FDB-4809-9BF1-78FDD1F2C904}.Release|x64.ActiveCfg = Release|Any CPU
		{15CED3F7-5FDB-4809-9BF1-78FDD1F2C904}.Release|x64.Build.0 = Release|Any CPU
		{15CED3F7-5FDB-4809-9BF1-78FDD1F2C904}.Release|x86.ActiveCfg = Release|Any CPU
		{15CED3F7-5FDB-4809-9BF1-78FDD1F2C904}.Release|x86.Build.0 = Release|Any CPU
		{C6D1474F-7729-4E50-B679-308C3182BC8D}.Ad-Hoc|Any CPU.ActiveCfg = Debug|Any CPU
		{C6D1474F-7729-4E50-B679-308C3182BC8D}.Ad-Hoc|Any CPU.Build.0 = Debug|Any CPU
		{C6D1474F-7729-4E50-B679-308C3182BC8D}.Ad-Hoc|ARM.ActiveCfg = Debug|Any CPU
		{C6D1474F-7729-4E50-B679-308C3182BC8D}.Ad-Hoc|ARM.Build.0 = Debug|Any CPU
		{C6D1474F-7729-4E50-B679-308C3182BC8D}.Ad-Hoc|ARM64.ActiveCfg = Debug|Any CPU
		{C6D1474F-7729-4E50-B679-308C3182BC8D}.Ad-Hoc|ARM64.Build.0 = Debug|Any CPU
		{C6D1474F-7729-4E50-B679-308C3182BC8D}.Ad-Hoc|iPhone.ActiveCfg = Debug|Any CPU
		{C6D1474F-7729-4E50-B679-308C3182BC8D}.Ad-Hoc|iPhone.Build.0 = Debug|Any CPU
		{C6D1474F-7729-4E50-B679-308C3182BC8D}.Ad-Hoc|iPhoneSimulator.ActiveCfg = Debug|Any CPU
		{C6D1474F-7729-4E50-B679-308C3182BC8D}.Ad-Hoc|iPhoneSimulator.Build.0 = Debug|Any CPU
		{C6D1474F-7729-4E50-B679-308C3182BC8D}.Ad-Hoc|x64.ActiveCfg = Debug|Any CPU
		{C6D1474F-7729-4E50-B679-308C3182BC8D}.Ad-Hoc|x64.Build.0 = Debug|Any CPU
		{C6D1474F-7729-4E50-B679-308C3182BC8D}.Ad-Hoc|x86.ActiveCfg = Debug|Any CPU
		{C6D1474F-7729-4E50-B679-308C3182BC8D}.Ad-Hoc|x86.Build.0 = Debug|Any CPU
		{C6D1474F-7729-4E50-B679-308C3182BC8D}.AppStore|Any CPU.ActiveCfg = Debug|Any CPU
		{C6D1474F-7729-4E50-B679-308C3182BC8D}.AppStore|Any CPU.Build.0 = Debug|Any CPU
		{C6D1474F-7729-4E50-B679-308C3182BC8D}.AppStore|ARM.ActiveCfg = Debug|Any CPU
		{C6D1474F-7729-4E50-B679-308C3182BC8D}.AppStore|ARM.Build.0 = Debug|Any CPU
		{C6D1474F-7729-4E50-B679-308C3182BC8D}.AppStore|ARM64.ActiveCfg = Debug|Any CPU
		{C6D1474F-7729-4E50-B679-308C3182BC8D}.AppStore|ARM64.Build.0 = Debug|Any CPU
		{C6D1474F-7729-4E50-B679-308C3182BC8D}.AppStore|iPhone.ActiveCfg = Debug|Any CPU
		{C6D1474F-7729-4E50-B679-308C3182BC8D}.AppStore|iPhone.Build.0 = Debug|Any CPU
		{C6D1474F-7729-4E50-B679-308C3182BC8D}.AppStore|iPhoneSimulator.ActiveCfg = Debug|Any CPU
		{C6D1474F-7729-4E50-B679-308C3182BC8D}.AppStore|iPhoneSimulator.Build.0 = Debug|Any CPU
		{C6D1474F-7729-4E50-B679-308C3182BC8D}.AppStore|x64.ActiveCfg = Debug|Any CPU
		{C6D1474F-7729-4E50-B679-308C3182BC8D}.AppStore|x64.Build.0 = Debug|Any CPU
		{C6D1474F-7729-4E50-B679-308C3182BC8D}.AppStore|x86.ActiveCfg = Debug|Any CPU
		{C6D1474F-7729-4E50-B679-308C3182BC8D}.AppStore|x86.Build.0 = Debug|Any CPU
		{C6D1474F-7729-4E50-B679-308C3182BC8D}.Debug|Any CPU.ActiveCfg = Debug|Any CPU
		{C6D1474F-7729-4E50-B679-308C3182BC8D}.Debug|Any CPU.Build.0 = Debug|Any CPU
		{C6D1474F-7729-4E50-B679-308C3182BC8D}.Debug|ARM.ActiveCfg = Debug|Any CPU
		{C6D1474F-7729-4E50-B679-308C3182BC8D}.Debug|ARM.Build.0 = Debug|Any CPU
		{C6D1474F-7729-4E50-B679-308C3182BC8D}.Debug|ARM64.ActiveCfg = Debug|Any CPU
		{C6D1474F-7729-4E50-B679-308C3182BC8D}.Debug|ARM64.Build.0 = Debug|Any CPU
		{C6D1474F-7729-4E50-B679-308C3182BC8D}.Debug|iPhone.ActiveCfg = Debug|Any CPU
		{C6D1474F-7729-4E50-B679-308C3182BC8D}.Debug|iPhone.Build.0 = Debug|Any CPU
		{C6D1474F-7729-4E50-B679-308C3182BC8D}.Debug|iPhoneSimulator.ActiveCfg = Debug|Any CPU
		{C6D1474F-7729-4E50-B679-308C3182BC8D}.Debug|iPhoneSimulator.Build.0 = Debug|Any CPU
		{C6D1474F-7729-4E50-B679-308C3182BC8D}.Debug|x64.ActiveCfg = Debug|Any CPU
		{C6D1474F-7729-4E50-B679-308C3182BC8D}.Debug|x64.Build.0 = Debug|Any CPU
		{C6D1474F-7729-4E50-B679-308C3182BC8D}.Debug|x86.ActiveCfg = Debug|Any CPU
		{C6D1474F-7729-4E50-B679-308C3182BC8D}.Debug|x86.Build.0 = Debug|Any CPU
		{C6D1474F-7729-4E50-B679-308C3182BC8D}.Release|Any CPU.ActiveCfg = Release|Any CPU
		{C6D1474F-7729-4E50-B679-308C3182BC8D}.Release|Any CPU.Build.0 = Release|Any CPU
		{C6D1474F-7729-4E50-B679-308C3182BC8D}.Release|ARM.ActiveCfg = Release|Any CPU
		{C6D1474F-7729-4E50-B679-308C3182BC8D}.Release|ARM.Build.0 = Release|Any CPU
		{C6D1474F-7729-4E50-B679-308C3182BC8D}.Release|ARM64.ActiveCfg = Release|Any CPU
		{C6D1474F-7729-4E50-B679-308C3182BC8D}.Release|ARM64.Build.0 = Release|Any CPU
		{C6D1474F-7729-4E50-B679-308C3182BC8D}.Release|iPhone.ActiveCfg = Release|Any CPU
		{C6D1474F-7729-4E50-B679-308C3182BC8D}.Release|iPhone.Build.0 = Release|Any CPU
		{C6D1474F-7729-4E50-B679-308C3182BC8D}.Release|iPhoneSimulator.ActiveCfg = Release|Any CPU
		{C6D1474F-7729-4E50-B679-308C3182BC8D}.Release|iPhoneSimulator.Build.0 = Release|Any CPU
		{C6D1474F-7729-4E50-B679-308C3182BC8D}.Release|x64.ActiveCfg = Release|Any CPU
		{C6D1474F-7729-4E50-B679-308C3182BC8D}.Release|x64.Build.0 = Release|Any CPU
		{C6D1474F-7729-4E50-B679-308C3182BC8D}.Release|x86.ActiveCfg = Release|Any CPU
		{C6D1474F-7729-4E50-B679-308C3182BC8D}.Release|x86.Build.0 = Release|Any CPU
		{28B752AF-E04E-439E-9BB3-6563609F3937}.Ad-Hoc|Any CPU.ActiveCfg = Debug|Any CPU
		{28B752AF-E04E-439E-9BB3-6563609F3937}.Ad-Hoc|Any CPU.Build.0 = Debug|Any CPU
		{28B752AF-E04E-439E-9BB3-6563609F3937}.Ad-Hoc|ARM.ActiveCfg = Debug|Any CPU
		{28B752AF-E04E-439E-9BB3-6563609F3937}.Ad-Hoc|ARM.Build.0 = Debug|Any CPU
		{28B752AF-E04E-439E-9BB3-6563609F3937}.Ad-Hoc|ARM64.ActiveCfg = Debug|Any CPU
		{28B752AF-E04E-439E-9BB3-6563609F3937}.Ad-Hoc|ARM64.Build.0 = Debug|Any CPU
		{28B752AF-E04E-439E-9BB3-6563609F3937}.Ad-Hoc|iPhone.ActiveCfg = Debug|Any CPU
		{28B752AF-E04E-439E-9BB3-6563609F3937}.Ad-Hoc|iPhone.Build.0 = Debug|Any CPU
		{28B752AF-E04E-439E-9BB3-6563609F3937}.Ad-Hoc|iPhoneSimulator.ActiveCfg = Debug|Any CPU
		{28B752AF-E04E-439E-9BB3-6563609F3937}.Ad-Hoc|iPhoneSimulator.Build.0 = Debug|Any CPU
		{28B752AF-E04E-439E-9BB3-6563609F3937}.Ad-Hoc|x64.ActiveCfg = Debug|Any CPU
		{28B752AF-E04E-439E-9BB3-6563609F3937}.Ad-Hoc|x64.Build.0 = Debug|Any CPU
		{28B752AF-E04E-439E-9BB3-6563609F3937}.Ad-Hoc|x86.ActiveCfg = Debug|Any CPU
		{28B752AF-E04E-439E-9BB3-6563609F3937}.Ad-Hoc|x86.Build.0 = Debug|Any CPU
		{28B752AF-E04E-439E-9BB3-6563609F3937}.AppStore|Any CPU.ActiveCfg = Debug|Any CPU
		{28B752AF-E04E-439E-9BB3-6563609F3937}.AppStore|Any CPU.Build.0 = Debug|Any CPU
		{28B752AF-E04E-439E-9BB3-6563609F3937}.AppStore|ARM.ActiveCfg = Debug|Any CPU
		{28B752AF-E04E-439E-9BB3-6563609F3937}.AppStore|ARM.Build.0 = Debug|Any CPU
		{28B752AF-E04E-439E-9BB3-6563609F3937}.AppStore|ARM64.ActiveCfg = Debug|Any CPU
		{28B752AF-E04E-439E-9BB3-6563609F3937}.AppStore|ARM64.Build.0 = Debug|Any CPU
		{28B752AF-E04E-439E-9BB3-6563609F3937}.AppStore|iPhone.ActiveCfg = Debug|Any CPU
		{28B752AF-E04E-439E-9BB3-6563609F3937}.AppStore|iPhone.Build.0 = Debug|Any CPU
		{28B752AF-E04E-439E-9BB3-6563609F3937}.AppStore|iPhoneSimulator.ActiveCfg = Debug|Any CPU
		{28B752AF-E04E-439E-9BB3-6563609F3937}.AppStore|iPhoneSimulator.Build.0 = Debug|Any CPU
		{28B752AF-E04E-439E-9BB3-6563609F3937}.AppStore|x64.ActiveCfg = Debug|Any CPU
		{28B752AF-E04E-439E-9BB3-6563609F3937}.AppStore|x64.Build.0 = Debug|Any CPU
		{28B752AF-E04E-439E-9BB3-6563609F3937}.AppStore|x86.ActiveCfg = Debug|Any CPU
		{28B752AF-E04E-439E-9BB3-6563609F3937}.AppStore|x86.Build.0 = Debug|Any CPU
		{28B752AF-E04E-439E-9BB3-6563609F3937}.Debug|Any CPU.ActiveCfg = Debug|Any CPU
		{28B752AF-E04E-439E-9BB3-6563609F3937}.Debug|Any CPU.Build.0 = Debug|Any CPU
		{28B752AF-E04E-439E-9BB3-6563609F3937}.Debug|ARM.ActiveCfg = Debug|Any CPU
		{28B752AF-E04E-439E-9BB3-6563609F3937}.Debug|ARM.Build.0 = Debug|Any CPU
		{28B752AF-E04E-439E-9BB3-6563609F3937}.Debug|ARM64.ActiveCfg = Debug|Any CPU
		{28B752AF-E04E-439E-9BB3-6563609F3937}.Debug|ARM64.Build.0 = Debug|Any CPU
		{28B752AF-E04E-439E-9BB3-6563609F3937}.Debug|iPhone.ActiveCfg = Debug|Any CPU
		{28B752AF-E04E-439E-9BB3-6563609F3937}.Debug|iPhone.Build.0 = Debug|Any CPU
		{28B752AF-E04E-439E-9BB3-6563609F3937}.Debug|iPhoneSimulator.ActiveCfg = Debug|Any CPU
		{28B752AF-E04E-439E-9BB3-6563609F3937}.Debug|iPhoneSimulator.Build.0 = Debug|Any CPU
		{28B752AF-E04E-439E-9BB3-6563609F3937}.Debug|x64.ActiveCfg = Debug|Any CPU
		{28B752AF-E04E-439E-9BB3-6563609F3937}.Debug|x64.Build.0 = Debug|Any CPU
		{28B752AF-E04E-439E-9BB3-6563609F3937}.Debug|x86.ActiveCfg = Debug|Any CPU
		{28B752AF-E04E-439E-9BB3-6563609F3937}.Debug|x86.Build.0 = Debug|Any CPU
		{28B752AF-E04E-439E-9BB3-6563609F3937}.Release|Any CPU.ActiveCfg = Release|Any CPU
		{28B752AF-E04E-439E-9BB3-6563609F3937}.Release|Any CPU.Build.0 = Release|Any CPU
		{28B752AF-E04E-439E-9BB3-6563609F3937}.Release|ARM.ActiveCfg = Release|Any CPU
		{28B752AF-E04E-439E-9BB3-6563609F3937}.Release|ARM.Build.0 = Release|Any CPU
		{28B752AF-E04E-439E-9BB3-6563609F3937}.Release|ARM64.ActiveCfg = Release|Any CPU
		{28B752AF-E04E-439E-9BB3-6563609F3937}.Release|ARM64.Build.0 = Release|Any CPU
		{28B752AF-E04E-439E-9BB3-6563609F3937}.Release|iPhone.ActiveCfg = Release|Any CPU
		{28B752AF-E04E-439E-9BB3-6563609F3937}.Release|iPhone.Build.0 = Release|Any CPU
		{28B752AF-E04E-439E-9BB3-6563609F3937}.Release|iPhoneSimulator.ActiveCfg = Release|Any CPU
		{28B752AF-E04E-439E-9BB3-6563609F3937}.Release|iPhoneSimulator.Build.0 = Release|Any CPU
		{28B752AF-E04E-439E-9BB3-6563609F3937}.Release|x64.ActiveCfg = Release|Any CPU
		{28B752AF-E04E-439E-9BB3-6563609F3937}.Release|x64.Build.0 = Release|Any CPU
		{28B752AF-E04E-439E-9BB3-6563609F3937}.Release|x86.ActiveCfg = Release|Any CPU
		{28B752AF-E04E-439E-9BB3-6563609F3937}.Release|x86.Build.0 = Release|Any CPU
		{ECB20402-4468-47DD-B1FF-DE6F618EA4B4}.Ad-Hoc|Any CPU.ActiveCfg = Debug|Any CPU
		{ECB20402-4468-47DD-B1FF-DE6F618EA4B4}.Ad-Hoc|Any CPU.Build.0 = Debug|Any CPU
		{ECB20402-4468-47DD-B1FF-DE6F618EA4B4}.Ad-Hoc|ARM.ActiveCfg = Debug|Any CPU
		{ECB20402-4468-47DD-B1FF-DE6F618EA4B4}.Ad-Hoc|ARM.Build.0 = Debug|Any CPU
		{ECB20402-4468-47DD-B1FF-DE6F618EA4B4}.Ad-Hoc|ARM64.ActiveCfg = Debug|Any CPU
		{ECB20402-4468-47DD-B1FF-DE6F618EA4B4}.Ad-Hoc|ARM64.Build.0 = Debug|Any CPU
		{ECB20402-4468-47DD-B1FF-DE6F618EA4B4}.Ad-Hoc|iPhone.ActiveCfg = Debug|Any CPU
		{ECB20402-4468-47DD-B1FF-DE6F618EA4B4}.Ad-Hoc|iPhone.Build.0 = Debug|Any CPU
		{ECB20402-4468-47DD-B1FF-DE6F618EA4B4}.Ad-Hoc|iPhoneSimulator.ActiveCfg = Debug|Any CPU
		{ECB20402-4468-47DD-B1FF-DE6F618EA4B4}.Ad-Hoc|iPhoneSimulator.Build.0 = Debug|Any CPU
		{ECB20402-4468-47DD-B1FF-DE6F618EA4B4}.Ad-Hoc|x64.ActiveCfg = Debug|Any CPU
		{ECB20402-4468-47DD-B1FF-DE6F618EA4B4}.Ad-Hoc|x64.Build.0 = Debug|Any CPU
		{ECB20402-4468-47DD-B1FF-DE6F618EA4B4}.Ad-Hoc|x86.ActiveCfg = Debug|Any CPU
		{ECB20402-4468-47DD-B1FF-DE6F618EA4B4}.Ad-Hoc|x86.Build.0 = Debug|Any CPU
		{ECB20402-4468-47DD-B1FF-DE6F618EA4B4}.AppStore|Any CPU.ActiveCfg = Debug|Any CPU
		{ECB20402-4468-47DD-B1FF-DE6F618EA4B4}.AppStore|Any CPU.Build.0 = Debug|Any CPU
		{ECB20402-4468-47DD-B1FF-DE6F618EA4B4}.AppStore|ARM.ActiveCfg = Debug|Any CPU
		{ECB20402-4468-47DD-B1FF-DE6F618EA4B4}.AppStore|ARM.Build.0 = Debug|Any CPU
		{ECB20402-4468-47DD-B1FF-DE6F618EA4B4}.AppStore|ARM64.ActiveCfg = Debug|Any CPU
		{ECB20402-4468-47DD-B1FF-DE6F618EA4B4}.AppStore|ARM64.Build.0 = Debug|Any CPU
		{ECB20402-4468-47DD-B1FF-DE6F618EA4B4}.AppStore|iPhone.ActiveCfg = Debug|Any CPU
		{ECB20402-4468-47DD-B1FF-DE6F618EA4B4}.AppStore|iPhone.Build.0 = Debug|Any CPU
		{ECB20402-4468-47DD-B1FF-DE6F618EA4B4}.AppStore|iPhoneSimulator.ActiveCfg = Debug|Any CPU
		{ECB20402-4468-47DD-B1FF-DE6F618EA4B4}.AppStore|iPhoneSimulator.Build.0 = Debug|Any CPU
		{ECB20402-4468-47DD-B1FF-DE6F618EA4B4}.AppStore|x64.ActiveCfg = Debug|Any CPU
		{ECB20402-4468-47DD-B1FF-DE6F618EA4B4}.AppStore|x64.Build.0 = Debug|Any CPU
		{ECB20402-4468-47DD-B1FF-DE6F618EA4B4}.AppStore|x86.ActiveCfg = Debug|Any CPU
		{ECB20402-4468-47DD-B1FF-DE6F618EA4B4}.AppStore|x86.Build.0 = Debug|Any CPU
		{ECB20402-4468-47DD-B1FF-DE6F618EA4B4}.Debug|Any CPU.ActiveCfg = Debug|Any CPU
		{ECB20402-4468-47DD-B1FF-DE6F618EA4B4}.Debug|Any CPU.Build.0 = Debug|Any CPU
		{ECB20402-4468-47DD-B1FF-DE6F618EA4B4}.Debug|ARM.ActiveCfg = Debug|Any CPU
		{ECB20402-4468-47DD-B1FF-DE6F618EA4B4}.Debug|ARM.Build.0 = Debug|Any CPU
		{ECB20402-4468-47DD-B1FF-DE6F618EA4B4}.Debug|ARM64.ActiveCfg = Debug|Any CPU
		{ECB20402-4468-47DD-B1FF-DE6F618EA4B4}.Debug|ARM64.Build.0 = Debug|Any CPU
		{ECB20402-4468-47DD-B1FF-DE6F618EA4B4}.Debug|iPhone.ActiveCfg = Debug|Any CPU
		{ECB20402-4468-47DD-B1FF-DE6F618EA4B4}.Debug|iPhone.Build.0 = Debug|Any CPU
		{ECB20402-4468-47DD-B1FF-DE6F618EA4B4}.Debug|iPhoneSimulator.ActiveCfg = Debug|Any CPU
		{ECB20402-4468-47DD-B1FF-DE6F618EA4B4}.Debug|iPhoneSimulator.Build.0 = Debug|Any CPU
		{ECB20402-4468-47DD-B1FF-DE6F618EA4B4}.Debug|x64.ActiveCfg = Debug|Any CPU
		{ECB20402-4468-47DD-B1FF-DE6F618EA4B4}.Debug|x64.Build.0 = Debug|Any CPU
		{ECB20402-4468-47DD-B1FF-DE6F618EA4B4}.Debug|x86.ActiveCfg = Debug|Any CPU
		{ECB20402-4468-47DD-B1FF-DE6F618EA4B4}.Debug|x86.Build.0 = Debug|Any CPU
		{ECB20402-4468-47DD-B1FF-DE6F618EA4B4}.Release|Any CPU.ActiveCfg = Release|Any CPU
		{ECB20402-4468-47DD-B1FF-DE6F618EA4B4}.Release|Any CPU.Build.0 = Release|Any CPU
		{ECB20402-4468-47DD-B1FF-DE6F618EA4B4}.Release|ARM.ActiveCfg = Release|Any CPU
		{ECB20402-4468-47DD-B1FF-DE6F618EA4B4}.Release|ARM.Build.0 = Release|Any CPU
		{ECB20402-4468-47DD-B1FF-DE6F618EA4B4}.Release|ARM64.ActiveCfg = Release|Any CPU
		{ECB20402-4468-47DD-B1FF-DE6F618EA4B4}.Release|ARM64.Build.0 = Release|Any CPU
		{ECB20402-4468-47DD-B1FF-DE6F618EA4B4}.Release|iPhone.ActiveCfg = Release|Any CPU
		{ECB20402-4468-47DD-B1FF-DE6F618EA4B4}.Release|iPhone.Build.0 = Release|Any CPU
		{ECB20402-4468-47DD-B1FF-DE6F618EA4B4}.Release|iPhoneSimulator.ActiveCfg = Release|Any CPU
		{ECB20402-4468-47DD-B1FF-DE6F618EA4B4}.Release|iPhoneSimulator.Build.0 = Release|Any CPU
		{ECB20402-4468-47DD-B1FF-DE6F618EA4B4}.Release|x64.ActiveCfg = Release|Any CPU
		{ECB20402-4468-47DD-B1FF-DE6F618EA4B4}.Release|x64.Build.0 = Release|Any CPU
		{ECB20402-4468-47DD-B1FF-DE6F618EA4B4}.Release|x86.ActiveCfg = Release|Any CPU
		{ECB20402-4468-47DD-B1FF-DE6F618EA4B4}.Release|x86.Build.0 = Release|Any CPU
	EndGlobalSection
	GlobalSection(SolutionProperties) = preSolution
		HideSolutionNode = FALSE
	EndGlobalSection
	GlobalSection(NestedProjects) = preSolution
		{76C124DD-C4DE-4FDC-AABD-DD9E1BE83D2D} = {CDA62238-760E-4C13-9719-A42118AA10B7}
		{74477BF2-E3D9-4A8D-973A-BB7B29275D4A} = {CDA62238-760E-4C13-9719-A42118AA10B7}
		{79A8957D-B8BC-4102-B31A-EB0B2A67CE9D} = {CDA62238-760E-4C13-9719-A42118AA10B7}
		{78BE33F3-5EB4-4FC8-89BA-8B232F209A64} = {CDA62238-760E-4C13-9719-A42118AA10B7}
		{A7515A9C-94D3-4A64-8E63-3664BB1B7970} = {CDA62238-760E-4C13-9719-A42118AA10B7}
		{15CED3F7-5FDB-4809-9BF1-78FDD1F2C904} = {CDA62238-760E-4C13-9719-A42118AA10B7}
		{C6D1474F-7729-4E50-B679-308C3182BC8D} = {CDA62238-760E-4C13-9719-A42118AA10B7}
		{28B752AF-E04E-439E-9BB3-6563609F3937} = {CDA62238-760E-4C13-9719-A42118AA10B7}
		{ECB20402-4468-47DD-B1FF-DE6F618EA4B4} = {CDA62238-760E-4C13-9719-A42118AA10B7}
	EndGlobalSection
	GlobalSection(ExtensibilityGlobals) = postSolution
		SolutionGuid = {09F0A354-EC85-4A48-9691-C7307159C810}
	EndGlobalSection
EndGlobal
